
Microsoft Visual Studio Solution File, Format Version 12.00
# Visual Studio Version 17
VisualStudioVersion = 17.11.35303.130
MinimumVisualStudioVersion = 10.0.40219.1
Project("{FAE04EC0-301F-11D3-BF4B-00C04F79EFBC}") = "VTSAPI", "VTSAPI\VTSAPI.csproj", "{343D7931-201D-44F8-ACA0-294676E5C594}"
EndProject
Global
	GlobalSection(SolutionConfigurationPlatforms) = preSolution
		Debug|Any CPU = Debug|Any CPU
		Release|Any CPU = Release|Any CPU
	EndGlobalSection
	GlobalSection(ProjectConfigurationPlatforms) = postSolution
		{343D7931-201D-44F8-ACA0-294676E5C594}.Debug|Any CPU.ActiveCfg = Debug|Any CPU
		{343D7931-201D-44F8-ACA0-294676E5C594}.Debug|Any CPU.Build.0 = Debug|Any CPU
		{343D7931-201D-44F8-ACA0-294676E5C594}.Release|Any CPU.ActiveCfg = Release|Any CPU
		{343D7931-201D-44F8-ACA0-294676E5C594}.Release|Any CPU.Build.0 = Release|Any CPU
	EndGlobalSection
	GlobalSection(SolutionProperties) = preSolution
		HideSolutionNode = FALSE
	EndGlobalSection
	GlobalSection(ExtensibilityGlobals) = postSolution
		SolutionGuid = {04425623-113C-4943-8A52-9E89A3F0F664}
	EndGlobalSection
EndGlobal
